
Microsoft Visual Studio Solution File, Format Version 12.00
Project("{FAE04EC0-301F-11D3-BF4B-00C04F79EFBC}") = "myapi", "myapi\myapi.csproj", "{7824B965-8B1D-49E1-B8BE-05BEA9CFB1B4}"
EndProject
Project("{FAE04EC0-301F-11D3-BF4B-00C04F79EFBC}") = "myapi.core", "myapi.core\myapi.core.csproj", "{3CD94306-8DC9-4745-9E58-D124E1278D45}"
EndProject
Global
	GlobalSection(SolutionConfigurationPlatforms) = preSolution
		Debug|Any CPU = Debug|Any CPU
		Release|Any CPU = Release|Any CPU
	EndGlobalSection
	GlobalSection(ProjectConfigurationPlatforms) = postSolution
		{7824B965-8B1D-49E1-B8BE-05BEA9CFB1B4}.Debug|Any CPU.ActiveCfg = Debug|Any CPU
		{7824B965-8B1D-49E1-B8BE-05BEA9CFB1B4}.Debug|Any CPU.Build.0 = Debug|Any CPU
		{7824B965-8B1D-49E1-B8BE-05BEA9CFB1B4}.Release|Any CPU.ActiveCfg = Release|Any CPU
		{7824B965-8B1D-49E1-B8BE-05BEA9CFB1B4}.Release|Any CPU.Build.0 = Release|Any CPU
		{3CD94306-8DC9-4745-9E58-D124E1278D45}.Debug|Any CPU.ActiveCfg = Debug|Any CPU
		{3CD94306-8DC9-4745-9E58-D124E1278D45}.Debug|Any CPU.Build.0 = Debug|Any CPU
		{3CD94306-8DC9-4745-9E58-D124E1278D45}.Release|Any CPU.ActiveCfg = Release|Any CPU
		{3CD94306-8DC9-4745-9E58-D124E1278D45}.Release|Any CPU.Build.0 = Release|Any CPU
	EndGlobalSection
EndGlobal
